// !$*UTF8*$!
{
	archiveVersion = 1;
	classes = {
	};
	objectVersion = 46;
	objects = {

/* Begin PBXBuildFile section */
		5534EE8D1968304B00C06633 /* Foundation.framework in Frameworks */ = {isa = PBXBuildFile; fileRef = 5534EE8C1968304B00C06633 /* Foundation.framework */; };
		5534EE8F1968304B00C06633 /* CoreGraphics.framework in Frameworks */ = {isa = PBXBuildFile; fileRef = 5534EE8E1968304B00C06633 /* CoreGraphics.framework */; };
		5534EE911968304B00C06633 /* UIKit.framework in Frameworks */ = {isa = PBXBuildFile; fileRef = 5534EE901968304B00C06633 /* UIKit.framework */; };
		5534EE971968304B00C06633 /* InfoPlist.strings in Resources */ = {isa = PBXBuildFile; fileRef = 5534EE951968304B00C06633 /* InfoPlist.strings */; };
		5534EE991968304B00C06633 /* main.m in Sources */ = {isa = PBXBuildFile; fileRef = 5534EE981968304B00C06633 /* main.m */; };
		5534EE9D1968304B00C06633 /* AppDelegate.m in Sources */ = {isa = PBXBuildFile; fileRef = 5534EE9C1968304B00C06633 /* AppDelegate.m */; };
		5534EEA01968304C00C06633 /* Main.storyboard in Resources */ = {isa = PBXBuildFile; fileRef = 5534EE9E1968304C00C06633 /* Main.storyboard */; };
		5534EEA31968304C00C06633 /* ViewController.m in Sources */ = {isa = PBXBuildFile; fileRef = 5534EEA21968304C00C06633 /* ViewController.m */; };
		5534EEA51968304C00C06633 /* Images.xcassets in Resources */ = {isa = PBXBuildFile; fileRef = 5534EEA41968304C00C06633 /* Images.xcassets */; };
		5534EEC6196C340E00C06633 /* AVSpeechSynthesizerFacade.m in Sources */ = {isa = PBXBuildFile; fileRef = 5534EEC5196C340E00C06633 /* AVSpeechSynthesizerFacade.m */; };
/* End PBXBuildFile section */

/* Begin PBXFileReference section */
		5534EE891968304B00C06633 /* SpeechSample.app */ = {isa = PBXFileReference; explicitFileType = wrapper.application; includeInIndex = 0; path = SpeechSample.app; sourceTree = BUILT_PRODUCTS_DIR; };
		5534EE8C1968304B00C06633 /* Foundation.framework */ = {isa = PBXFileReference; lastKnownFileType = wrapper.framework; name = Foundation.framework; path = System/Library/Frameworks/Foundation.framework; sourceTree = SDKROOT; };
		5534EE8E1968304B00C06633 /* CoreGraphics.framework */ = {isa = PBXFileReference; lastKnownFileType = wrapper.framework; name = CoreGraphics.framework; path = System/Library/Frameworks/CoreGraphics.framework; sourceTree = SDKROOT; };
		5534EE901968304B00C06633 /* UIKit.framework */ = {isa = PBXFileReference; lastKnownFileType = wrapper.framework; name = UIKit.framework; path = System/Library/Frameworks/UIKit.framework; sourceTree = SDKROOT; };
		5534EE941968304B00C06633 /* SpeechSample-Info.plist */ = {isa = PBXFileReference; lastKnownFileType = text.plist.xml; path = "SpeechSample-Info.plist"; sourceTree = "<group>"; };
		5534EE961968304B00C06633 /* en */ = {isa = PBXFileReference; lastKnownFileType = text.plist.strings; name = en; path = en.lproj/InfoPlist.strings; sourceTree = "<group>"; };
		5534EE981968304B00C06633 /* main.m */ = {isa = PBXFileReference; lastKnownFileType = sourcecode.c.objc; path = main.m; sourceTree = "<group>"; };
		5534EE9A1968304B00C06633 /* SpeechSample-Prefix.pch */ = {isa = PBXFileReference; lastKnownFileType = sourcecode.c.h; path = "SpeechSample-Prefix.pch"; sourceTree = "<group>"; };
		5534EE9B1968304B00C06633 /* AppDelegate.h */ = {isa = PBXFileReference; lastKnownFileType = sourcecode.c.h; path = AppDelegate.h; sourceTree = "<group>"; };
		5534EE9C1968304B00C06633 /* AppDelegate.m */ = {isa = PBXFileReference; lastKnownFileType = sourcecode.c.objc; path = AppDelegate.m; sourceTree = "<group>"; };
		5534EE9F1968304C00C06633 /* Base */ = {isa = PBXFileReference; lastKnownFileType = file.storyboard; name = Base; path = Base.lproj/Main.storyboard; sourceTree = "<group>"; };
		5534EEA11968304C00C06633 /* ViewController.h */ = {isa = PBXFileReference; lastKnownFileType = sourcecode.c.h; path = ViewController.h; sourceTree = "<group>"; };
		5534EEA21968304C00C06633 /* ViewController.m */ = {isa = PBXFileReference; lastKnownFileType = sourcecode.c.objc; path = ViewController.m; sourceTree = "<group>"; };
		5534EEA41968304C00C06633 /* Images.xcassets */ = {isa = PBXFileReference; lastKnownFileType = folder.assetcatalog; path = Images.xcassets; sourceTree = "<group>"; };
		5534EEAB1968304C00C06633 /* XCTest.framework */ = {isa = PBXFileReference; lastKnownFileType = wrapper.framework; name = XCTest.framework; path = Library/Frameworks/XCTest.framework; sourceTree = DEVELOPER_DIR; };
		5534EEC4196C340E00C06633 /* AVSpeechSynthesizerFacade.h */ = {isa = PBXFileReference; fileEncoding = 4; lastKnownFileType = sourcecode.c.h; path = AVSpeechSynthesizerFacade.h; sourceTree = "<group>"; };
		5534EEC5196C340E00C06633 /* AVSpeechSynthesizerFacade.m */ = {isa = PBXFileReference; fileEncoding = 4; lastKnownFileType = sourcecode.c.objc; path = AVSpeechSynthesizerFacade.m; sourceTree = "<group>"; };
/* End PBXFileReference section */

/* Begin PBXFrameworksBuildPhase section */
		5534EE861968304B00C06633 /* Frameworks */ = {
			isa = PBXFrameworksBuildPhase;
			buildActionMask = 2147483647;
			files = (
				5534EE8F1968304B00C06633 /* CoreGraphics.framework in Frameworks */,
				5534EE911968304B00C06633 /* UIKit.framework in Frameworks */,
				5534EE8D1968304B00C06633 /* Foundation.framework in Frameworks */,
			);
			runOnlyForDeploymentPostprocessing = 0;
		};
/* End PBXFrameworksBuildPhase section */

/* Begin PBXGroup section */
		5534EE801968304B00C06633 = {
			isa = PBXGroup;
			children = (
				5534EE921968304B00C06633 /* SpeechSample */,
				5534EE8B1968304B00C06633 /* Frameworks */,
				5534EE8A1968304B00C06633 /* Products */,
			);
			sourceTree = "<group>";
		};
		5534EE8A1968304B00C06633 /* Products */ = {
			isa = PBXGroup;
			children = (
				5534EE891968304B00C06633 /* SpeechSample.app */,
			);
			name = Products;
			sourceTree = "<group>";
		};
		5534EE8B1968304B00C06633 /* Frameworks */ = {
			isa = PBXGroup;
			children = (
				5534EE8C1968304B00C06633 /* Foundation.framework */,
				5534EE8E1968304B00C06633 /* CoreGraphics.framework */,
				5534EE901968304B00C06633 /* UIKit.framework */,
				5534EEAB1968304C00C06633 /* XCTest.framework */,
			);
			name = Frameworks;
			sourceTree = "<group>";
		};
		5534EE921968304B00C06633 /* SpeechSample */ = {
			isa = PBXGroup;
			children = (
				5534EE9B1968304B00C06633 /* AppDelegate.h */,
				5534EE9C1968304B00C06633 /* AppDelegate.m */,
				5534EE9E1968304C00C06633 /* Main.storyboard */,
				5534EEA11968304C00C06633 /* ViewController.h */,
				5534EEA21968304C00C06633 /* ViewController.m */,
				5534EEA41968304C00C06633 /* Images.xcassets */,
				5534EE931968304B00C06633 /* Supporting Files */,
				5534EEC4196C340E00C06633 /* AVSpeechSynthesizerFacade.h */,
				5534EEC5196C340E00C06633 /* AVSpeechSynthesizerFacade.m */,
			);
			name = SpeechSample;
			path = SpeachTest;
			sourceTree = "<group>";
		};
		5534EE931968304B00C06633 /* Supporting Files */ = {
			isa = PBXGroup;
			children = (
				5534EE941968304B00C06633 /* SpeechSample-Info.plist */,
				5534EE951968304B00C06633 /* InfoPlist.strings */,
				5534EE981968304B00C06633 /* main.m */,
				5534EE9A1968304B00C06633 /* SpeechSample-Prefix.pch */,
			);
			name = "Supporting Files";
			sourceTree = "<group>";
		};
/* End PBXGroup section */

/* Begin PBXNativeTarget section */
		5534EE881968304B00C06633 /* SpeechSample */ = {
			isa = PBXNativeTarget;
			buildConfigurationList = 5534EEBB1968304C00C06633 /* Build configuration list for PBXNativeTarget "SpeechSample" */;
			buildPhases = (
				5534EE851968304B00C06633 /* Sources */,
				5534EE861968304B00C06633 /* Frameworks */,
				5534EE871968304B00C06633 /* Resources */,
			);
			buildRules = (
			);
			dependencies = (
			);
			name = SpeechSample;
			productName = SpeachTest;
			productReference = 5534EE891968304B00C06633 /* SpeechSample.app */;
			productType = "com.apple.product-type.application";
		};
/* End PBXNativeTarget section */

/* Begin PBXProject section */
		5534EE811968304B00C06633 /* Project object */ = {
			isa = PBXProject;
			attributes = {
				LastUpgradeCheck = 0510;
				ORGANIZATIONNAME = DuckySoftware;
			};
			buildConfigurationList = 5534EE841968304B00C06633 /* Build configuration list for PBXProject "SpeechSample" */;
			compatibilityVersion = "Xcode 3.2";
			developmentRegion = English;
			hasScannedForEncodings = 0;
			knownRegions = (
				en,
				Base,
			);
			mainGroup = 5534EE801968304B00C06633;
			productRefGroup = 5534EE8A1968304B00C06633 /* Products */;
			projectDirPath = "";
			projectRoot = "";
			targets = (
				5534EE881968304B00C06633 /* SpeechSample */,
			);
		};
/* End PBXProject section */

/* Begin PBXResourcesBuildPhase section */
		5534EE871968304B00C06633 /* Resources */ = {
			isa = PBXResourcesBuildPhase;
			buildActionMask = 2147483647;
			files = (
				5534EEA51968304C00C06633 /* Images.xcassets in Resources */,
				5534EE971968304B00C06633 /* InfoPlist.strings in Resources */,
				5534EEA01968304C00C06633 /* Main.storyboard in Resources */,
			);
			runOnlyForDeploymentPostprocessing = 0;
		};
/* End PBXResourcesBuildPhase section */

/* Begin PBXSourcesBuildPhase section */
		5534EE851968304B00C06633 /* Sources */ = {
			isa = PBXSourcesBuildPhase;
			buildActionMask = 2147483647;
			files = (
				5534EEC6196C340E00C06633 /* AVSpeechSynthesizerFacade.m in Sources */,
				5534EEA31968304C00C06633 /* ViewController.m in Sources */,
				5534EE9D1968304B00C06633 /* AppDelegate.m in Sources */,
				5534EE991968304B00C06633 /* main.m in Sources */,
			);
			runOnlyForDeploymentPostprocessing = 0;
		};
/* End PBXSourcesBuildPhase section */

/* Begin PBXVariantGroup section */
		5534EE951968304B00C06633 /* InfoPlist.strings */ = {
			isa = PBXVariantGroup;
			children = (
				5534EE961968304B00C06633 /* en */,
			);
			name = InfoPlist.strings;
			sourceTree = "<group>";
		};
		5534EE9E1968304C00C06633 /* Main.storyboard */ = {
			isa = PBXVariantGroup;
			children = (
				5534EE9F1968304C00C06633 /* Base */,
			);
			name = Main.storyboard;
			sourceTree = "<group>";
		};
/* End PBXVariantGroup section */

/* Begin XCBuildConfiguration section */
		5534EEB91968304C00C06633 /* Debug */ = {
			isa = XCBuildConfiguration;
			buildSettings = {
				ALWAYS_SEARCH_USER_PATHS = NO;
				CLANG_CXX_LANGUAGE_STANDARD = "gnu++0x";
				CLANG_CXX_LIBRARY = "libc++";
				CLANG_ENABLE_MODULES = YES;
				CLANG_ENABLE_OBJC_ARC = YES;
				CLANG_WARN_BOOL_CONVERSION = YES;
				CLANG_WARN_CONSTANT_CONVERSION = YES;
				CLANG_WARN_DIRECT_OBJC_ISA_USAGE = YES_ERROR;
				CLANG_WARN_EMPTY_BODY = YES;
				CLANG_WARN_ENUM_CONVERSION = YES;
				CLANG_WARN_INT_CONVERSION = YES;
				CLANG_WARN_OBJC_ROOT_CLASS = YES_ERROR;
				CLANG_WARN__DUPLICATE_METHOD_MATCH = YES;
				"CODE_SIGN_IDENTITY[sdk=iphoneos*]" = "iPhone Developer";
				COPY_PHASE_STRIP = NO;
				GCC_C_LANGUAGE_STANDARD = gnu99;
				GCC_DYNAMIC_NO_PIC = NO;
				GCC_OPTIMIZATION_LEVEL = 0;
				GCC_PREPROCESSOR_DEFINITIONS = (
					"DEBUG=1",
					"$(inherited)",
				);
				GCC_SYMBOLS_PRIVATE_EXTERN = NO;
				GCC_WARN_64_TO_32_BIT_CONVERSION = YES;
				GCC_WARN_ABOUT_RETURN_TYPE = YES_ERROR;
				GCC_WARN_UNDECLARED_SELECTOR = YES;
				GCC_WARN_UNINITIALIZED_AUTOS = YES_AGGRESSIVE;
				GCC_WARN_UNUSED_FUNCTION = YES;
				GCC_WARN_UNUSED_VARIABLE = YES;
				IPHONEOS_DEPLOYMENT_TARGET = 7.0;
				ONLY_ACTIVE_ARCH = YES;
				SDKROOT = iphoneos;
			};
			name = Debug;
		};
		5534EEBA1968304C00C06633 /* Release */ = {
			isa = XCBuildConfiguration;
			buildSettings = {
				ALWAYS_SEARCH_USER_PATHS = NO;
				CLANG_CXX_LANGUAGE_STANDARD = "gnu++0x";
				CLANG_CXX_LIBRARY = "libc++";
				CLANG_ENABLE_MODULES = YES;
				CLANG_ENABLE_OBJC_ARC = YES;
				CLANG_WARN_BOOL_CONVERSION = YES;
				CLANG_WARN_CONSTANT_CONVERSION = YES;
				CLANG_WARN_DIRECT_OBJC_ISA_USAGE = YES_ERROR;
				CLANG_WARN_EMPTY_BODY = YES;
				CLANG_WARN_ENUM_CONVERSION = YES;
				CLANG_WARN_INT_CONVERSION = YES;
				CLANG_WARN_OBJC_ROOT_CLASS = YES_ERROR;
				CLANG_WARN__DUPLICATE_METHOD_MATCH = YES;
				"CODE_SIGN_IDENTITY[sdk=iphoneos*]" = "iPhone Developer";
				COPY_PHASE_STRIP = YES;
				ENABLE_NS_ASSERTIONS = NO;
				GCC_C_LANGUAGE_STANDARD = gnu99;
				GCC_WARN_64_TO_32_BIT_CONVERSION = YES;
				GCC_WARN_ABOUT_RETURN_TYPE = YES_ERROR;
				GCC_WARN_UNDECLARED_SELECTOR = YES;
				GCC_WARN_UNINITIALIZED_AUTOS = YES_AGGRESSIVE;
				GCC_WARN_UNUSED_FUNCTION = YES;
				GCC_WARN_UNUSED_VARIABLE = YES;
				IPHONEOS_DEPLOYMENT_TARGET = 7.0;
				SDKROOT = iphoneos;
				VALIDATE_PRODUCT = YES;
			};
			name = Release;
		};
		5534EEBC1968304C00C06633 /* Debug */ = {
			isa = XCBuildConfiguration;
			buildSettings = {
				ASSETCATALOG_COMPILER_APPICON_NAME = AppIcon;
				ASSETCATALOG_COMPILER_LAUNCHIMAGE_NAME = LaunchImage;
				CODE_SIGN_IDENTITY = "iPhone Developer: Dale Moore (K7QWF9QWSR)";
				GCC_PRECOMPILE_PREFIX_HEADER = YES;
				GCC_PREFIX_HEADER = "SpeachTest/SpeechSample-Prefix.pch";
				INFOPLIST_FILE = "SpeachTest/SpeechSample-Info.plist";
				PRODUCT_NAME = SpeechSample;
				WRAPPER_EXTENSION = app;
			};
			name = Debug;
		};
		5534EEBD1968304C00C06633 /* Release */ = {
			isa = XCBuildConfiguration;
			buildSettings = {
				ASSETCATALOG_COMPILER_APPICON_NAME = AppIcon;
				ASSETCATALOG_COMPILER_LAUNCHIMAGE_NAME = LaunchImage;
				GCC_PRECOMPILE_PREFIX_HEADER = YES;
				GCC_PREFIX_HEADER = "SpeachTest/SpeechSample-Prefix.pch";
				INFOPLIST_FILE = "SpeachTest/SpeechSample-Info.plist";
				PRODUCT_NAME = SpeechSample;
				WRAPPER_EXTENSION = app;
			};
			name = Release;
		};
/* End XCBuildConfiguration section */

/* Begin XCConfigurationList section */
		5534EE841968304B00C06633 /* Build configuration list for PBXProject "SpeechSample" */ = {
			isa = XCConfigurationList;
			buildConfigurations = (
				5534EEB91968304C00C06633 /* Debug */,
				5534EEBA1968304C00C06633 /* Release */,
			);
			defaultConfigurationIsVisible = 0;
			defaultConfigurationName = Release;
		};
		5534EEBB1968304C00C06633 /* Build configuration list for PBXNativeTarget "SpeechSample" */ = {
			isa = XCConfigurationList;
			buildConfigurations = (
				5534EEBC1968304C00C06633 /* Debug */,
				5534EEBD1968304C00C06633 /* Release */,
			);
			defaultConfigurationIsVisible = 0;
			defaultConfigurationName = Release;
		};
/* End XCConfigurationList section */
	};
	rootObject = 5534EE811968304B00C06633 /* Project object */;
}
